// !$*UTF8*$!
{
	archiveVersion = 1;
	classes = {
	};
	objectVersion = 46;
	objects = {

/* Begin PBXBuildFile section */
		EDE91BDE1D5812F7007EBF27 /* main.m in Sources */ = {isa = PBXBuildFile; fileRef = EDE91BDD1D5812F7007EBF27 /* main.m */; };
		EDE91BE11D5812F7007EBF27 /* AppDelegate.m in Sources */ = {isa = PBXBuildFile; fileRef = EDE91BE01D5812F7007EBF27 /* AppDelegate.m */; };
		EDE91BE41D5812F7007EBF27 /* ViewController.m in Sources */ = {isa = PBXBuildFile; fileRef = EDE91BE31D5812F7007EBF27 /* ViewController.m */; };
		EDE91BE71D5812F7007EBF27 /* Main.storyboard in Resources */ = {isa = PBXBuildFile; fileRef = EDE91BE51D5812F7007EBF27 /* Main.storyboard */; };
		EDE91BE91D5812F7007EBF27 /* Assets.xcassets in Resources */ = {isa = PBXBuildFile; fileRef = EDE91BE81D5812F7007EBF27 /* Assets.xcassets */; };
		EDE91BEC1D5812F7007EBF27 /* LaunchScreen.storyboard in Resources */ = {isa = PBXBuildFile; fileRef = EDE91BEA1D5812F7007EBF27 /* LaunchScreen.storyboard */; };
		EDE91BF41D5836DA007EBF27 /* work.html in Resources */ = {isa = PBXBuildFile; fileRef = EDE91BF31D5836DA007EBF27 /* work.html */; };
		EDE91BF61D5837D0007EBF27 /* test.png in Resources */ = {isa = PBXBuildFile; fileRef = EDE91BF51D5837D0007EBF27 /* test.png */; };
		EDE91BF81D58382D007EBF27 /* test.js in Resources */ = {isa = PBXBuildFile; fileRef = EDE91BF71D58382D007EBF27 /* test.js */; };
		EDE91BFB1D586AFA007EBF27 /* NativeOcClass.m in Sources */ = {isa = PBXBuildFile; fileRef = EDE91BFA1D586AFA007EBF27 /* NativeOcClass.m */; };
		EDE91BFD1D586E5C007EBF27 /* JavaScriptCore.framework in Frameworks */ = {isa = PBXBuildFile; fileRef = EDE91BFC1D586E5C007EBF27 /* JavaScriptCore.framework */; };
		EDE91C001D58721D007EBF27 /* TestJSObject.m in Sources */ = {isa = PBXBuildFile; fileRef = EDE91BFF1D58721D007EBF27 /* TestJSObject.m */; };
		EDE91C021D588C75007EBF27 /* work2.html in Resources */ = {isa = PBXBuildFile; fileRef = EDE91C011D588C75007EBF27 /* work2.html */; };
		EDFE2DE71D66AB0800AB3F15 /* work1.html in Resources */ = {isa = PBXBuildFile; fileRef = EDFE2DE61D66AB0800AB3F15 /* work1.html */; };
/* End PBXBuildFile section */

/* Begin PBXFileReference section */
		EDE91BD91D5812F6007EBF27 /* UIWebView.app */ = {isa = PBXFileReference; explicitFileType = wrapper.application; includeInIndex = 0; path = UIWebView.app; sourceTree = BUILT_PRODUCTS_DIR; };
		EDE91BDD1D5812F7007EBF27 /* main.m */ = {isa = PBXFileReference; lastKnownFileType = sourcecode.c.objc; path = main.m; sourceTree = "<group>"; };
		EDE91BDF1D5812F7007EBF27 /* AppDelegate.h */ = {isa = PBXFileReference; lastKnownFileType = sourcecode.c.h; path = AppDelegate.h; sourceTree = "<group>"; };
		EDE91BE01D5812F7007EBF27 /* AppDelegate.m */ = {isa = PBXFileReference; lastKnownFileType = sourcecode.c.objc; path = AppDelegate.m; sourceTree = "<group>"; };
		EDE91BE21D5812F7007EBF27 /* ViewController.h */ = {isa = PBXFileReference; lastKnownFileType = sourcecode.c.h; path = ViewController.h; sourceTree = "<group>"; };
		EDE91BE31D5812F7007EBF27 /* ViewController.m */ = {isa = PBXFileReference; lastKnownFileType = sourcecode.c.objc; path = ViewController.m; sourceTree = "<group>"; };
		EDE91BE61D5812F7007EBF27 /* Base */ = {isa = PBXFileReference; lastKnownFileType = file.storyboard; name = Base; path = Base.lproj/Main.storyboard; sourceTree = "<group>"; };
		EDE91BE81D5812F7007EBF27 /* Assets.xcassets */ = {isa = PBXFileReference; lastKnownFileType = folder.assetcatalog; path = Assets.xcassets; sourceTree = "<group>"; };
		EDE91BEB1D5812F7007EBF27 /* Base */ = {isa = PBXFileReference; lastKnownFileType = file.storyboard; name = Base; path = Base.lproj/LaunchScreen.storyboard; sourceTree = "<group>"; };
		EDE91BED1D5812F7007EBF27 /* Info.plist */ = {isa = PBXFileReference; lastKnownFileType = text.plist.xml; path = Info.plist; sourceTree = "<group>"; };
		EDE91BF31D5836DA007EBF27 /* work.html */ = {isa = PBXFileReference; fileEncoding = 4; lastKnownFileType = text.html; path = work.html; sourceTree = "<group>"; };
		EDE91BF51D5837D0007EBF27 /* test.png */ = {isa = PBXFileReference; lastKnownFileType = image.png; path = test.png; sourceTree = "<group>"; };
		EDE91BF71D58382D007EBF27 /* test.js */ = {isa = PBXFileReference; fileEncoding = 4; lastKnownFileType = sourcecode.javascript; path = test.js; sourceTree = "<group>"; };
		EDE91BF91D586AFA007EBF27 /* NativeOcClass.h */ = {isa = PBXFileReference; fileEncoding = 4; lastKnownFileType = sourcecode.c.h; path = NativeOcClass.h; sourceTree = "<group>"; };
		EDE91BFA1D586AFA007EBF27 /* NativeOcClass.m */ = {isa = PBXFileReference; fileEncoding = 4; lastKnownFileType = sourcecode.c.objc; path = NativeOcClass.m; sourceTree = "<group>"; };
		EDE91BFC1D586E5C007EBF27 /* JavaScriptCore.framework */ = {isa = PBXFileReference; lastKnownFileType = wrapper.framework; name = JavaScriptCore.framework; path = System/Library/Frameworks/JavaScriptCore.framework; sourceTree = SDKROOT; };
		EDE91BFE1D58721D007EBF27 /* TestJSObject.h */ = {isa = PBXFileReference; fileEncoding = 4; lastKnownFileType = sourcecode.c.h; path = TestJSObject.h; sourceTree = "<group>"; };
		EDE91BFF1D58721D007EBF27 /* TestJSObject.m */ = {isa = PBXFileReference; fileEncoding = 4; lastKnownFileType = sourcecode.c.objc; path = TestJSObject.m; sourceTree = "<group>"; };
		EDE91C011D588C75007EBF27 /* work2.html */ = {isa = PBXFileReference; fileEncoding = 4; lastKnownFileType = text.html; path = work2.html; sourceTree = "<group>"; };
		EDFE2DE61D66AB0800AB3F15 /* work1.html */ = {isa = PBXFileReference; fileEncoding = 4; lastKnownFileType = text.html; path = work1.html; sourceTree = "<group>"; };
/* End PBXFileReference section */

/* Begin PBXFrameworksBuildPhase section */
		EDE91BD61D5812F6007EBF27 /* Frameworks */ = {
			isa = PBXFrameworksBuildPhase;
			buildActionMask = 2147483647;
			files = (
				EDE91BFD1D586E5C007EBF27 /* JavaScriptCore.framework in Frameworks */,
			);
			runOnlyForDeploymentPostprocessing = 0;
		};
/* End PBXFrameworksBuildPhase section */

/* Begin PBXGroup section */
		EDE91BD01D5812F6007EBF27 = {
			isa = PBXGroup;
			children = (
				EDE91BFC1D586E5C007EBF27 /* JavaScriptCore.framework */,
				EDE91BDB1D5812F7007EBF27 /* UIWebView */,
				EDE91BDA1D5812F6007EBF27 /* Products */,
			);
			sourceTree = "<group>";
		};
		EDE91BDA1D5812F6007EBF27 /* Products */ = {
			isa = PBXGroup;
			children = (
				EDE91BD91D5812F6007EBF27 /* UIWebView.app */,
			);
			name = Products;
			sourceTree = "<group>";
		};
		EDE91BDB1D5812F7007EBF27 /* UIWebView */ = {
			isa = PBXGroup;
			children = (
				EDE91BF51D5837D0007EBF27 /* test.png */,
				EDE91BDF1D5812F7007EBF27 /* AppDelegate.h */,
				EDE91BE01D5812F7007EBF27 /* AppDelegate.m */,
				EDE91BE21D5812F7007EBF27 /* ViewController.h */,
				EDE91BE31D5812F7007EBF27 /* ViewController.m */,
				EDE91BE51D5812F7007EBF27 /* Main.storyboard */,
				EDE91BE81D5812F7007EBF27 /* Assets.xcassets */,
				EDE91BEA1D5812F7007EBF27 /* LaunchScreen.storyboard */,
				EDE91BED1D5812F7007EBF27 /* Info.plist */,
				EDE91BDC1D5812F7007EBF27 /* Supporting Files */,
				EDE91BF31D5836DA007EBF27 /* work.html */,
				EDE91BF71D58382D007EBF27 /* test.js */,
				EDE91BF91D586AFA007EBF27 /* NativeOcClass.h */,
				EDE91BFA1D586AFA007EBF27 /* NativeOcClass.m */,
				EDE91BFE1D58721D007EBF27 /* TestJSObject.h */,
				EDE91BFF1D58721D007EBF27 /* TestJSObject.m */,
				EDFE2DE61D66AB0800AB3F15 /* work1.html */,
				EDE91C011D588C75007EBF27 /* work2.html */,
			);
			path = UIWebView;
			sourceTree = "<group>";
		};
		EDE91BDC1D5812F7007EBF27 /* Supporting Files */ = {
			isa = PBXGroup;
			children = (
				EDE91BDD1D5812F7007EBF27 /* main.m */,
			);
			name = "Supporting Files";
			sourceTree = "<group>";
		};
/* End PBXGroup section */

/* Begin PBXNativeTarget section */
		EDE91BD81D5812F6007EBF27 /* UIWebView */ = {
			isa = PBXNativeTarget;
			buildConfigurationList = EDE91BF01D5812F7007EBF27 /* Build configuration list for PBXNativeTarget "UIWebView" */;
			buildPhases = (
				EDE91BD51D5812F6007EBF27 /* Sources */,
				EDE91BD61D5812F6007EBF27 /* Frameworks */,
				EDE91BD71D5812F6007EBF27 /* Resources */,
			);
			buildRules = (
			);
			dependencies = (
			);
			name = UIWebView;
			productName = UIWebView;
			productReference = EDE91BD91D5812F6007EBF27 /* UIWebView.app */;
			productType = "com.apple.product-type.application";
		};
/* End PBXNativeTarget section */

/* Begin PBXProject section */
		EDE91BD11D5812F6007EBF27 /* Project object */ = {
			isa = PBXProject;
			attributes = {
				LastUpgradeCheck = 0730;
				ORGANIZATIONNAME = qianrun;
				TargetAttributes = {
					EDE91BD81D5812F6007EBF27 = {
						CreatedOnToolsVersion = 7.3.1;
					};
				};
			};
			buildConfigurationList = EDE91BD41D5812F6007EBF27 /* Build configuration list for PBXProject "UIWebView" */;
			compatibilityVersion = "Xcode 3.2";
			developmentRegion = English;
			hasScannedForEncodings = 0;
			knownRegions = (
				en,
				Base,
			);
			mainGroup = EDE91BD01D5812F6007EBF27;
			productRefGroup = EDE91BDA1D5812F6007EBF27 /* Products */;
			projectDirPath = "";
			projectRoot = "";
			targets = (
				EDE91BD81D5812F6007EBF27 /* UIWebView */,
			);
		};
/* End PBXProject section */

/* Begin PBXResourcesBuildPhase section */
		EDE91BD71D5812F6007EBF27 /* Resources */ = {
			isa = PBXResourcesBuildPhase;
			buildActionMask = 2147483647;
			files = (
				EDE91BF81D58382D007EBF27 /* test.js in Resources */,
				EDFE2DE71D66AB0800AB3F15 /* work1.html in Resources */,
				EDE91BEC1D5812F7007EBF27 /* LaunchScreen.storyboard in Resources */,
				EDE91BF41D5836DA007EBF27 /* work.html in Resources */,
				EDE91BE91D5812F7007EBF27 /* Assets.xcassets in Resources */,
				EDE91BE71D5812F7007EBF27 /* Main.storyboard in Resources */,
				EDE91C021D588C75007EBF27 /* work2.html in Resources */,
				EDE91BF61D5837D0007EBF27 /* test.png in Resources */,
			);
			runOnlyForDeploymentPostprocessing = 0;
		};
/* End PBXResourcesBuildPhase section */

/* Begin PBXSourcesBuildPhase section */
		EDE91BD51D5812F6007EBF27 /* Sources */ = {
			isa = PBXSourcesBuildPhase;
			buildActionMask = 2147483647;
			files = (
				EDE91BE41D5812F7007EBF27 /* ViewController.m in Sources */,
				EDE91C001D58721D007EBF27 /* TestJSObject.m in Sources */,
				EDE91BFB1D586AFA007EBF27 /* NativeOcClass.m in Sources */,
				EDE91BE11D5812F7007EBF27 /* AppDelegate.m in Sources */,
				EDE91BDE1D5812F7007EBF27 /* main.m in Sources */,
			);
			runOnlyForDeploymentPostprocessing = 0;
		};
/* End PBXSourcesBuildPhase section */

/* Begin PBXVariantGroup section */
		EDE91BE51D5812F7007EBF27 /* Main.storyboard */ = {
			isa = PBXVariantGroup;
			children = (
				EDE91BE61D5812F7007EBF27 /* Base */,
			);
			name = Main.storyboard;
			sourceTree = "<group>";
		};
		EDE91BEA1D5812F7007EBF27 /* LaunchScreen.storyboard */ = {
			isa = PBXVariantGroup;
			children = (
				EDE91BEB1D5812F7007EBF27 /* Base */,
			);
			name = LaunchScreen.storyboard;
			sourceTree = "<group>";
		};
/* End PBXVariantGroup section */

/* Begin XCBuildConfiguration section */
		EDE91BEE1D5812F7007EBF27 /* Debug */ = {
			isa = XCBuildConfiguration;
			buildSettings = {
				ALWAYS_SEARCH_USER_PATHS = NO;
				CLANG_ANALYZER_NONNULL = YES;
				CLANG_CXX_LANGUAGE_STANDARD = "gnu++0x";
				CLANG_CXX_LIBRARY = "libc++";
				CLANG_ENABLE_MODULES = YES;
				CLANG_ENABLE_OBJC_ARC = YES;
				CLANG_WARN_BOOL_CONVERSION = YES;
				CLANG_WARN_CONSTANT_CONVERSION = YES;
				CLANG_WARN_DIRECT_OBJC_ISA_USAGE = YES_ERROR;
				CLANG_WARN_EMPTY_BODY = YES;
				CLANG_WARN_ENUM_CONVERSION = YES;
				CLANG_WARN_INT_CONVERSION = YES;
				CLANG_WARN_OBJC_ROOT_CLASS = YES_ERROR;
				CLANG_WARN_UNREACHABLE_CODE = YES;
				CLANG_WARN__DUPLICATE_METHOD_MATCH = YES;
				"CODE_SIGN_IDENTITY[sdk=iphoneos*]" = "iPhone Developer";
				COPY_PHASE_STRIP = NO;
				DEBUG_INFORMATION_FORMAT = dwarf;
				ENABLE_STRICT_OBJC_MSGSEND = YES;
				ENABLE_TESTABILITY = YES;
				GCC_C_LANGUAGE_STANDARD = gnu99;
				GCC_DYNAMIC_NO_PIC = NO;
				GCC_NO_COMMON_BLOCKS = YES;
				GCC_OPTIMIZATION_LEVEL = 0;
				GCC_PREPROCESSOR_DEFINITIONS = (
					"DEBUG=1",
					"$(inherited)",
				);
				GCC_WARN_64_TO_32_BIT_CONVERSION = YES;
				GCC_WARN_ABOUT_RETURN_TYPE = YES_ERROR;
				GCC_WARN_UNDECLARED_SELECTOR = YES;
				GCC_WARN_UNINITIALIZED_AUTOS = YES_AGGRESSIVE;
				GCC_WARN_UNUSED_FUNCTION = YES;
				GCC_WARN_UNUSED_VARIABLE = YES;
				IPHONEOS_DEPLOYMENT_TARGET = 9.3;
				MTL_ENABLE_DEBUG_INFO = YES;
				ONLY_ACTIVE_ARCH = YES;
				SDKROOT = iphoneos;
				TARGETED_DEVICE_FAMILY = "1,2";
			};
			name = Debug;
		};
		EDE91BEF1D5812F7007EBF27 /* Release */ = {
			isa = XCBuildConfiguration;
			buildSettings = {
				ALWAYS_SEARCH_USER_PATHS = NO;
				CLANG_ANALYZER_NONNULL = YES;
				CLANG_CXX_LANGUAGE_STANDARD = "gnu++0x";
				CLANG_CXX_LIBRARY = "libc++";
				CLANG_ENABLE_MODULES = YES;
				CLANG_ENABLE_OBJC_ARC = YES;
				CLANG_WARN_BOOL_CONVERSION = YES;
				CLANG_WARN_CONSTANT_CONVERSION = YES;
				CLANG_WARN_DIRECT_OBJC_ISA_USAGE = YES_ERROR;
				CLANG_WARN_EMPTY_BODY = YES;
				CLANG_WARN_ENUM_CONVERSION = YES;
				CLANG_WARN_INT_CONVERSION = YES;
				CLANG_WARN_OBJC_ROOT_CLASS = YES_ERROR;
				CLANG_WARN_UNREACHABLE_CODE = YES;
				CLANG_WARN__DUPLICATE_METHOD_MATCH = YES;
				"CODE_SIGN_IDENTITY[sdk=iphoneos*]" = "iPhone Developer";
				COPY_PHASE_STRIP = NO;
				DEBUG_INFORMATION_FORMAT = "dwarf-with-dsym";
				ENABLE_NS_ASSERTIONS = NO;
				ENABLE_STRICT_OBJC_MSGSEND = YES;
				GCC_C_LANGUAGE_STANDARD = gnu99;
				GCC_NO_COMMON_BLOCKS = YES;
				GCC_WARN_64_TO_32_BIT_CONVERSION = YES;
				GCC_WARN_ABOUT_RETURN_TYPE = YES_ERROR;
				GCC_WARN_UNDECLARED_SELECTOR = YES;
				GCC_WARN_UNINITIALIZED_AUTOS = YES_AGGRESSIVE;
				GCC_WARN_UNUSED_FUNCTION = YES;
				GCC_WARN_UNUSED_VARIABLE = YES;
				IPHONEOS_DEPLOYMENT_TARGET = 9.3;
				MTL_ENABLE_DEBUG_INFO = NO;
				SDKROOT = iphoneos;
				TARGETED_DEVICE_FAMILY = "1,2";
				VALIDATE_PRODUCT = YES;
			};
			name = Release;
		};
		EDE91BF11D5812F7007EBF27 /* Debug */ = {
			isa = XCBuildConfiguration;
			buildSettings = {
				ASSETCATALOG_COMPILER_APPICON_NAME = AppIcon;
				INFOPLIST_FILE = UIWebView/Info.plist;
				LD_RUNPATH_SEARCH_PATHS = "$(inherited) @executable_path/Frameworks";
				PRODUCT_BUNDLE_IDENTIFIER = com.qianrun.UIWebView;
				PRODUCT_NAME = "$(TARGET_NAME)";
			};
			name = Debug;
		};
		EDE91BF21D5812F7007EBF27 /* Release */ = {
			isa = XCBuildConfiguration;
			buildSettings = {
				ASSETCATALOG_COMPILER_APPICON_NAME = AppIcon;
				INFOPLIST_FILE = UIWebView/Info.plist;
				LD_RUNPATH_SEARCH_PATHS = "$(inherited) @executable_path/Frameworks";
				PRODUCT_BUNDLE_IDENTIFIER = com.qianrun.UIWebView;
				PRODUCT_NAME = "$(TARGET_NAME)";
			};
			name = Release;
		};
/* End XCBuildConfiguration section */

/* Begin XCConfigurationList section */
		EDE91BD41D5812F6007EBF27 /* Build configuration list for PBXProject "UIWebView" */ = {
			isa = XCConfigurationList;
			buildConfigurations = (
				EDE91BEE1D5812F7007EBF27 /* Debug */,
				EDE91BEF1D5812F7007EBF27 /* Release */,
			);
			defaultConfigurationIsVisible = 0;
			defaultConfigurationName = Release;
		};
		EDE91BF01D5812F7007EBF27 /* Build configuration list for PBXNativeTarget "UIWebView" */ = {
			isa = XCConfigurationList;
			buildConfigurations = (
				EDE91BF11D5812F7007EBF27 /* Debug */,
				EDE91BF21D5812F7007EBF27 /* Release */,
			);
			defaultConfigurationIsVisible = 0;
			defaultConfigurationName = Release;
		};
/* End XCConfigurationList section */
	};
	rootObject = EDE91BD11D5812F6007EBF27 /* Project object */;
}
